
Microsoft Visual Studio Solution File, Format Version 12.00
# Visual Studio 15
VisualStudioVersion = 15.0.28010.2046
MinimumVisualStudioVersion = 10.0.40219.1
Project("{FAE04EC0-301F-11D3-BF4B-00C04F79EFBC}") = "Tms_Travel.Android", "Tms_Travel\Tms_Travel.Android\Tms_Travel.Android.csproj", "{CFEB2F1F-56B6-4CEA-B8F1-16CED9869558}"
EndProject
Project("{FAE04EC0-301F-11D3-BF4B-00C04F79EFBC}") = "Tms_Travel.iOS", "Tms_Travel\Tms_Travel.iOS\Tms_Travel.iOS.csproj", "{E935A475-B62D-4C50-AEF5-416F8DC0F920}"
EndProject
Project("{FAE04EC0-301F-11D3-BF4B-00C04F79EFBC}") = "Tms_Travel.UWP", "Tms_Travel\Tms_Travel.UWP\Tms_Travel.UWP.csproj", "{E2EF42E0-D789-4170-B19F-E31977233394}"
EndProject
Project("{9A19103F-16F7-4668-BE54-9A1E7A4F7556}") = "Tms_Travel", "Tms_Travel\Tms_Travel\Tms_Travel.csproj", "{0E3F27EF-5F44-4C02-9821-A204102AF602}"
EndProject
Project("{FAE04EC0-301F-11D3-BF4B-00C04F79EFBC}") = "Tms_WebApp", "Tms_WebApp\Tms_WebApp.csproj", "{2CD9ECB8-F900-4EAE-B64D-216176753129}"
EndProject
Global
	GlobalSection(SolutionConfigurationPlatforms) = preSolution
		Ad-Hoc|Any CPU = Ad-Hoc|Any CPU
		Ad-Hoc|ARM = Ad-Hoc|ARM
		Ad-Hoc|iPhone = Ad-Hoc|iPhone
		Ad-Hoc|iPhoneSimulator = Ad-Hoc|iPhoneSimulator
		Ad-Hoc|x64 = Ad-Hoc|x64
		Ad-Hoc|x86 = Ad-Hoc|x86
		AppStore|Any CPU = AppStore|Any CPU
		AppStore|ARM = AppStore|ARM
		AppStore|iPhone = AppStore|iPhone
		AppStore|iPhoneSimulator = AppStore|iPhoneSimulator
		AppStore|x64 = AppStore|x64
		AppStore|x86 = AppStore|x86
		Debug|Any CPU = Debug|Any CPU
		Debug|ARM = Debug|ARM
		Debug|iPhone = Debug|iPhone
		Debug|iPhoneSimulator = Debug|iPhoneSimulator
		Debug|x64 = Debug|x64
		Debug|x86 = Debug|x86
		Release|Any CPU = Release|Any CPU
		Release|ARM = Release|ARM
		Release|iPhone = Release|iPhone
		Release|iPhoneSimulator = Release|iPhoneSimulator
		Release|x64 = Release|x64
		Release|x86 = Release|x86
	EndGlobalSection
	GlobalSection(ProjectConfigurationPlatforms) = postSolution
		{CFEB2F1F-56B6-4CEA-B8F1-16CED9869558}.Ad-Hoc|Any CPU.ActiveCfg = Release|Any CPU
		{CFEB2F1F-56B6-4CEA-B8F1-16CED9869558}.Ad-Hoc|Any CPU.Build.0 = Release|Any CPU
		{CFEB2F1F-56B6-4CEA-B8F1-16CED9869558}.Ad-Hoc|Any CPU.Deploy.0 = Release|Any CPU
		{CFEB2F1F-56B6-4CEA-B8F1-16CED9869558}.Ad-Hoc|ARM.ActiveCfg = Release|Any CPU
		{CFEB2F1F-56B6-4CEA-B8F1-16CED9869558}.Ad-Hoc|ARM.Build.0 = Release|Any CPU
		{CFEB2F1F-56B6-4CEA-B8F1-16CED9869558}.Ad-Hoc|ARM.Deploy.0 = Release|Any CPU
		{CFEB2F1F-56B6-4CEA-B8F1-16CED9869558}.Ad-Hoc|iPhone.ActiveCfg = Release|Any CPU
		{CFEB2F1F-56B6-4CEA-B8F1-16CED9869558}.Ad-Hoc|iPhone.Build.0 = Release|Any CPU
		{CFEB2F1F-56B6-4CEA-B8F1-16CED9869558}.Ad-Hoc|iPhone.Deploy.0 = Release|Any CPU
		{CFEB2F1F-56B6-4CEA-B8F1-16CED9869558}.Ad-Hoc|iPhoneSimulator.ActiveCfg = Release|Any CPU
		{CFEB2F1F-56B6-4CEA-B8F1-16CED9869558}.Ad-Hoc|iPhoneSimulator.Build.0 = Release|Any CPU
		{CFEB2F1F-56B6-4CEA-B8F1-16CED9869558}.Ad-Hoc|iPhoneSimulator.Deploy.0 = Release|Any CPU
		{CFEB2F1F-56B6-4CEA-B8F1-16CED9869558}.Ad-Hoc|x64.ActiveCfg = Release|Any CPU
		{CFEB2F1F-56B6-4CEA-B8F1-16CED9869558}.Ad-Hoc|x64.Build.0 = Release|Any CPU
		{CFEB2F1F-56B6-4CEA-B8F1-16CED9869558}.Ad-Hoc|x64.Deploy.0 = Release|Any CPU
		{CFEB2F1F-56B6-4CEA-B8F1-16CED9869558}.Ad-Hoc|x86.ActiveCfg = Release|Any CPU
		{CFEB2F1F-56B6-4CEA-B8F1-16CED9869558}.Ad-Hoc|x86.Build.0 = Release|Any CPU
		{CFEB2F1F-56B6-4CEA-B8F1-16CED9869558}.Ad-Hoc|x86.Deploy.0 = Release|Any CPU
		{CFEB2F1F-56B6-4CEA-B8F1-16CED9869558}.AppStore|Any CPU.ActiveCfg = Release|Any CPU
		{CFEB2F1F-56B6-4CEA-B8F1-16CED9869558}.AppStore|Any CPU.Build.0 = Release|Any CPU
		{CFEB2F1F-56B6-4CEA-B8F1-16CED9869558}.AppStore|Any CPU.Deploy.0 = Release|Any CPU
		{CFEB2F1F-56B6-4CEA-B8F1-16CED9869558}.AppStore|ARM.ActiveCfg = Release|Any CPU
		{CFEB2F1F-56B6-4CEA-B8F1-16CED9869558}.AppStore|ARM.Build.0 = Release|Any CPU
		{CFEB2F1F-56B6-4CEA-B8F1-16CED9869558}.AppStore|ARM.Deploy.0 = Release|Any CPU
		{CFEB2F1F-56B6-4CEA-B8F1-16CED9869558}.AppStore|iPhone.ActiveCfg = Release|Any CPU
		{CFEB2F1F-56B6-4CEA-B8F1-16CED9869558}.AppStore|iPhone.Build.0 = Release|Any CPU
		{CFEB2F1F-56B6-4CEA-B8F1-16CED9869558}.AppStore|iPhone.Deploy.0 = Release|Any CPU
		{CFEB2F1F-56B6-4CEA-B8F1-16CED9869558}.AppStore|iPhoneSimulator.ActiveCfg = Release|Any CPU
		{CFEB2F1F-56B6-4CEA-B8F1-16CED9869558}.AppStore|iPhoneSimulator.Build.0 = Release|Any CPU
		{CFEB2F1F-56B6-4CEA-B8F1-16CED9869558}.AppStore|iPhoneSimulator.Deploy.0 = Release|Any CPU
		{CFEB2F1F-56B6-4CEA-B8F1-16CED9869558}.AppStore|x64.ActiveCfg = Release|Any CPU
		{CFEB2F1F-56B6-4CEA-B8F1-16CED9869558}.AppStore|x64.Build.0 = Release|Any CPU
		{CFEB2F1F-56B6-4CEA-B8F1-16CED9869558}.AppStore|x64.Deploy.0 = Release|Any CPU
		{CFEB2F1F-56B6-4CEA-B8F1-16CED9869558}.AppStore|x86.ActiveCfg = Release|Any CPU
		{CFEB2F1F-56B6-4CEA-B8F1-16CED9869558}.AppStore|x86.Build.0 = Release|Any CPU
		{CFEB2F1F-56B6-4CEA-B8F1-16CED9869558}.AppStore|x86.Deploy.0 = Release|Any CPU
		{CFEB2F1F-56B6-4CEA-B8F1-16CED9869558}.Debug|Any CPU.ActiveCfg = Debug|Any CPU
		{CFEB2F1F-56B6-4CEA-B8F1-16CED9869558}.Debug|Any CPU.Build.0 = Debug|Any CPU
		{CFEB2F1F-56B6-4CEA-B8F1-16CED9869558}.Debug|Any CPU.Deploy.0 = Debug|Any CPU
		{CFEB2F1F-56B6-4CEA-B8F1-16CED9869558}.Debug|ARM.ActiveCfg = Debug|Any CPU
		{CFEB2F1F-56B6-4CEA-B8F1-16CED9869558}.Debug|ARM.Build.0 = Debug|Any CPU
		{CFEB2F1F-56B6-4CEA-B8F1-16CED9869558}.Debug|ARM.Deploy.0 = Debug|Any CPU
		{CFEB2F1F-56B6-4CEA-B8F1-16CED9869558}.Debug|iPhone.ActiveCfg = Debug|Any CPU
		{CFEB2F1F-56B6-4CEA-B8F1-16CED9869558}.Debug|iPhone.Build.0 = Debug|Any CPU
		{CFEB2F1F-56B6-4CEA-B8F1-16CED9869558}.Debug|iPhone.Deploy.0 = Debug|Any CPU
		{CFEB2F1F-56B6-4CEA-B8F1-16CED9869558}.Debug|iPhoneSimulator.ActiveCfg = Debug|Any CPU
		{CFEB2F1F-56B6-4CEA-B8F1-16CED9869558}.Debug|iPhoneSimulator.Build.0 = Debug|Any CPU
		{CFEB2F1F-56B6-4CEA-B8F1-16CED9869558}.Debug|iPhoneSimulator.Deploy.0 = Debug|Any CPU
		{CFEB2F1F-56B6-4CEA-B8F1-16CED9869558}.Debug|x64.ActiveCfg = Debug|Any CPU
		{CFEB2F1F-56B6-4CEA-B8F1-16CED9869558}.Debug|x64.Build.0 = Debug|Any CPU
		{CFEB2F1F-56B6-4CEA-B8F1-16CED9869558}.Debug|x64.Deploy.0 = Debug|Any CPU
		{CFEB2F1F-56B6-4CEA-B8F1-16CED9869558}.Debug|x86.ActiveCfg = Debug|Any CPU
		{CFEB2F1F-56B6-4CEA-B8F1-16CED9869558}.Debug|x86.Build.0 = Debug|Any CPU
		{CFEB2F1F-56B6-4CEA-B8F1-16CED9869558}.Debug|x86.Deploy.0 = Debug|Any CPU
		{CFEB2F1F-56B6-4CEA-B8F1-16CED9869558}.Release|Any CPU.ActiveCfg = Release|Any CPU
		{CFEB2F1F-56B6-4CEA-B8F1-16CED9869558}.Release|Any CPU.Build.0 = Release|Any CPU
		{CFEB2F1F-56B6-4CEA-B8F1-16CED9869558}.Release|Any CPU.Deploy.0 = Release|Any CPU
		{CFEB2F1F-56B6-4CEA-B8F1-16CED9869558}.Release|ARM.ActiveCfg = Release|Any CPU
		{CFEB2F1F-56B6-4CEA-B8F1-16CED9869558}.Release|ARM.Build.0 = Release|Any CPU
		{CFEB2F1F-56B6-4CEA-B8F1-16CED9869558}.Release|ARM.Deploy.0 = Release|Any CPU
		{CFEB2F1F-56B6-4CEA-B8F1-16CED9869558}.Release|iPhone.ActiveCfg = Release|Any CPU
		{CFEB2F1F-56B6-4CEA-B8F1-16CED9869558}.Release|iPhone.Build.0 = Release|Any CPU
		{CFEB2F1F-56B6-4CEA-B8F1-16CED9869558}.Release|iPhone.Deploy.0 = Release|Any CPU
		{CFEB2F1F-56B6-4CEA-B8F1-16CED9869558}.Release|iPhoneSimulator.ActiveCfg = Release|Any CPU
		{CFEB2F1F-56B6-4CEA-B8F1-16CED9869558}.Release|iPhoneSimulator.Build.0 = Release|Any CPU
		{CFEB2F1F-56B6-4CEA-B8F1-16CED9869558}.Release|iPhoneSimulator.Deploy.0 = Release|Any CPU
		{CFEB2F1F-56B6-4CEA-B8F1-16CED9869558}.Release|x64.ActiveCfg = Release|Any CPU
		{CFEB2F1F-56B6-4CEA-B8F1-16CED9869558}.Release|x64.Build.0 = Release|Any CPU
		{CFEB2F1F-56B6-4CEA-B8F1-16CED9869558}.Release|x64.Deploy.0 = Release|Any CPU
		{CFEB2F1F-56B6-4CEA-B8F1-16CED9869558}.Release|x86.ActiveCfg = Release|Any CPU
		{CFEB2F1F-56B6-4CEA-B8F1-16CED9869558}.Release|x86.Build.0 = Release|Any CPU
		{CFEB2F1F-56B6-4CEA-B8F1-16CED9869558}.Release|x86.Deploy.0 = Release|Any CPU
		{E935A475-B62D-4C50-AEF5-416F8DC0F920}.Ad-Hoc|Any CPU.ActiveCfg = Ad-Hoc|iPhone
		{E935A475-B62D-4C50-AEF5-416F8DC0F920}.Ad-Hoc|Any CPU.Build.0 = Ad-Hoc|iPhone
		{E935A475-B62D-4C50-AEF5-416F8DC0F920}.Ad-Hoc|Any CPU.Deploy.0 = Ad-Hoc|iPhone
		{E935A475-B62D-4C50-AEF5-416F8DC0F920}.Ad-Hoc|ARM.ActiveCfg = Ad-Hoc|iPhone
		{E935A475-B62D-4C50-AEF5-416F8DC0F920}.Ad-Hoc|ARM.Build.0 = Ad-Hoc|iPhone
		{E935A475-B62D-4C50-AEF5-416F8DC0F920}.Ad-Hoc|ARM.Deploy.0 = Ad-Hoc|iPhone
		{E935A475-B62D-4C50-AEF5-416F8DC0F920}.Ad-Hoc|iPhone.ActiveCfg = Ad-Hoc|iPhone
		{E935A475-B62D-4C50-AEF5-416F8DC0F920}.Ad-Hoc|iPhone.Build.0 = Ad-Hoc|iPhone
		{E935A475-B62D-4C50-AEF5-416F8DC0F920}.Ad-Hoc|iPhone.Deploy.0 = Ad-Hoc|iPhone
		{E935A475-B62D-4C50-AEF5-416F8DC0F920}.Ad-Hoc|iPhoneSimulator.ActiveCfg = Ad-Hoc|iPhoneSimulator
		{E935A475-B62D-4C50-AEF5-416F8DC0F920}.Ad-Hoc|iPhoneSimulator.Build.0 = Ad-Hoc|iPhoneSimulator
		{E935A475-B62D-4C50-AEF5-416F8DC0F920}.Ad-Hoc|iPhoneSimulator.Deploy.0 = Ad-Hoc|iPhoneSimulator
		{E935A475-B62D-4C50-AEF5-416F8DC0F920}.Ad-Hoc|x64.ActiveCfg = Ad-Hoc|iPhone
		{E935A475-B62D-4C50-AEF5-416F8DC0F920}.Ad-Hoc|x64.Build.0 = Ad-Hoc|iPhone
		{E935A475-B62D-4C50-AEF5-416F8DC0F920}.Ad-Hoc|x64.Deploy.0 = Ad-Hoc|iPhone
		{E935A475-B62D-4C50-AEF5-416F8DC0F920}.Ad-Hoc|x86.ActiveCfg = Ad-Hoc|iPhone
		{E935A475-B62D-4C50-AEF5-416F8DC0F920}.Ad-Hoc|x86.Build.0 = Ad-Hoc|iPhone
		{E935A475-B62D-4C50-AEF5-416F8DC0F920}.Ad-Hoc|x86.Deploy.0 = Ad-Hoc|iPhone
		{E935A475-B62D-4C50-AEF5-416F8DC0F920}.AppStore|Any CPU.ActiveCfg = AppStore|iPhone
		{E935A475-B62D-4C50-AEF5-416F8DC0F920}.AppStore|Any CPU.Build.0 = AppStore|iPhone
		{E935A475-B62D-4C50-AEF5-416F8DC0F920}.AppStore|Any CPU.Deploy.0 = AppStore|iPhone
		{E935A475-B62D-4C50-AEF5-416F8DC0F920}.AppStore|ARM.ActiveCfg = AppStore|iPhone
		{E935A475-B62D-4C50-AEF5-416F8DC0F920}.AppStore|ARM.Build.0 = AppStore|iPhone
		{E935A475-B62D-4C50-AEF5-416F8DC0F920}.AppStore|ARM.Deploy.0 = AppStore|iPhone
		{E935A475-B62D-4C50-AEF5-416F8DC0F920}.AppStore|iPhone.ActiveCfg = AppStore|iPhone
		{E935A475-B62D-4C50-AEF5-416F8DC0F920}.AppStore|iPhone.Build.0 = AppStore|iPhone
		{E935A475-B62D-4C50-AEF5-416F8DC0F920}.AppStore|iPhone.Deploy.0 = AppStore|iPhone
		{E935A475-B62D-4C50-AEF5-416F8DC0F920}.AppStore|iPhoneSimulator.ActiveCfg = AppStore|iPhoneSimulator
		{E935A475-B62D-4C50-AEF5-416F8DC0F920}.AppStore|iPhoneSimulator.Build.0 = AppStore|iPhoneSimulator
		{E935A475-B62D-4C50-AEF5-416F8DC0F920}.AppStore|iPhoneSimulator.Deploy.0 = AppStore|iPhoneSimulator
		{E935A475-B62D-4C50-AEF5-416F8DC0F920}.AppStore|x64.ActiveCfg = AppStore|iPhone
		{E935A475-B62D-4C50-AEF5-416F8DC0F920}.AppStore|x64.Build.0 = AppStore|iPhone
		{E935A475-B62D-4C50-AEF5-416F8DC0F920}.AppStore|x64.Deploy.0 = AppStore|iPhone
		{E935A475-B62D-4C50-AEF5-416F8DC0F920}.AppStore|x86.ActiveCfg = AppStore|iPhone
		{E935A475-B62D-4C50-AEF5-416F8DC0F920}.AppStore|x86.Build.0 = AppStore|iPhone
		{E935A475-B62D-4C50-AEF5-416F8DC0F920}.AppStore|x86.Deploy.0 = AppStore|iPhone
		{E935A475-B62D-4C50-AEF5-416F8DC0F920}.Debug|Any CPU.ActiveCfg = Debug|iPhoneSimulator
		{E935A475-B62D-4C50-AEF5-416F8DC0F920}.Debug|Any CPU.Build.0 = Debug|iPhoneSimulator
		{E935A475-B62D-4C50-AEF5-416F8DC0F920}.Debug|Any CPU.Deploy.0 = Debug|iPhoneSimulator
		{E935A475-B62D-4C50-AEF5-416F8DC0F920}.Debug|ARM.ActiveCfg = Debug|iPhone
		{E935A475-B62D-4C50-AEF5-416F8DC0F920}.Debug|ARM.Build.0 = Debug|iPhone
		{E935A475-B62D-4C50-AEF5-416F8DC0F920}.Debug|ARM.Deploy.0 = Debug|iPhone
		{E935A475-B62D-4C50-AEF5-416F8DC0F920}.Debug|iPhone.ActiveCfg = Debug|iPhone
		{E935A475-B62D-4C50-AEF5-416F8DC0F920}.Debug|iPhone.Build.0 = Debug|iPhone
		{E935A475-B62D-4C50-AEF5-416F8DC0F920}.Debug|iPhone.Deploy.0 = Debug|iPhone
		{E935A475-B62D-4C50-AEF5-416F8DC0F920}.Debug|iPhoneSimulator.ActiveCfg = Debug|iPhoneSimulator
		{E935A475-B62D-4C50-AEF5-416F8DC0F920}.Debug|iPhoneSimulator.Build.0 = Debug|iPhoneSimulator
		{E935A475-B62D-4C50-AEF5-416F8DC0F920}.Debug|iPhoneSimulator.Deploy.0 = Debug|iPhoneSimulator
		{E935A475-B62D-4C50-AEF5-416F8DC0F920}.Debug|x64.ActiveCfg = Debug|iPhone
		{E935A475-B62D-4C50-AEF5-416F8DC0F920}.Debug|x64.Build.0 = Debug|iPhone
		{E935A475-B62D-4C50-AEF5-416F8DC0F920}.Debug|x64.Deploy.0 = Debug|iPhone
		{E935A475-B62D-4C50-AEF5-416F8DC0F920}.Debug|x86.ActiveCfg = Debug|iPhone
		{E935A475-B62D-4C50-AEF5-416F8DC0F920}.Debug|x86.Build.0 = Debug|iPhone
		{E935A475-B62D-4C50-AEF5-416F8DC0F920}.Debug|x86.Deploy.0 = Debug|iPhone
		{E935A475-B62D-4C50-AEF5-416F8DC0F920}.Release|Any CPU.ActiveCfg = Release|iPhone
		{E935A475-B62D-4C50-AEF5-416F8DC0F920}.Release|Any CPU.Build.0 = Release|iPhone
		{E935A475-B62D-4C50-AEF5-416F8DC0F920}.Release|Any CPU.Deploy.0 = Release|iPhone
		{E935A475-B62D-4C50-AEF5-416F8DC0F920}.Release|ARM.ActiveCfg = Release|iPhone
		{E935A475-B62D-4C50-AEF5-416F8DC0F920}.Release|ARM.Build.0 = Release|iPhone
		{E935A475-B62D-4C50-AEF5-416F8DC0F920}.Release|ARM.Deploy.0 = Release|iPhone
		{E935A475-B62D-4C50-AEF5-416F8DC0F920}.Release|iPhone.ActiveCfg = Release|iPhone
		{E935A475-B62D-4C50-AEF5-416F8DC0F920}.Release|iPhone.Build.0 = Release|iPhone
		{E935A475-B62D-4C50-AEF5-416F8DC0F920}.Release|iPhone.Deploy.0 = Release|iPhone
		{E935A475-B62D-4C50-AEF5-416F8DC0F920}.Release|iPhoneSimulator.ActiveCfg = Release|iPhoneSimulator
		{E935A475-B62D-4C50-AEF5-416F8DC0F920}.Release|iPhoneSimulator.Build.0 = Release|iPhoneSimulator
		{E935A475-B62D-4C50-AEF5-416F8DC0F920}.Release|iPhoneSimulator.Deploy.0 = Release|iPhoneSimulator
		{E935A475-B62D-4C50-AEF5-416F8DC0F920}.Release|x64.ActiveCfg = Release|iPhone
		{E935A475-B62D-4C50-AEF5-416F8DC0F920}.Release|x64.Build.0 = Release|iPhone
		{E935A475-B62D-4C50-AEF5-416F8DC0F920}.Release|x64.Deploy.0 = Release|iPhone
		{E935A475-B62D-4C50-AEF5-416F8DC0F920}.Release|x86.ActiveCfg = Release|iPhone
		{E935A475-B62D-4C50-AEF5-416F8DC0F920}.Release|x86.Build.0 = Release|iPhone
		{E935A475-B62D-4C50-AEF5-416F8DC0F920}.Release|x86.Deploy.0 = Release|iPhone
		{E2EF42E0-D789-4170-B19F-E31977233394}.Ad-Hoc|Any CPU.ActiveCfg = Release|x86
		{E2EF42E0-D789-4170-B19F-E31977233394}.Ad-Hoc|Any CPU.Build.0 = Release|x86
		{E2EF42E0-D789-4170-B19F-E31977233394}.Ad-Hoc|Any CPU.Deploy.0 = Release|x86
		{E2EF42E0-D789-4170-B19F-E31977233394}.Ad-Hoc|ARM.ActiveCfg = Release|ARM
		{E2EF42E0-D789-4170-B19F-E31977233394}.Ad-Hoc|ARM.Build.0 = Release|ARM
		{E2EF42E0-D789-4170-B19F-E31977233394}.Ad-Hoc|ARM.Deploy.0 = Release|ARM
		{E2EF42E0-D789-4170-B19F-E31977233394}.Ad-Hoc|iPhone.ActiveCfg = Release|x86
		{E2EF42E0-D789-4170-B19F-E31977233394}.Ad-Hoc|iPhone.Build.0 = Release|x86
		{E2EF42E0-D789-4170-B19F-E31977233394}.Ad-Hoc|iPhone.Deploy.0 = Release|x86
		{E2EF42E0-D789-4170-B19F-E31977233394}.Ad-Hoc|iPhoneSimulator.ActiveCfg = Release|x86
		{E2EF42E0-D789-4170-B19F-E31977233394}.Ad-Hoc|iPhoneSimulator.Build.0 = Release|x86
		{E2EF42E0-D789-4170-B19F-E31977233394}.Ad-Hoc|iPhoneSimulator.Deploy.0 = Release|x86
		{E2EF42E0-D789-4170-B19F-E31977233394}.Ad-Hoc|x64.ActiveCfg = Release|x64
		{E2EF42E0-D789-4170-B19F-E31977233394}.Ad-Hoc|x64.Build.0 = Release|x64
		{E2EF42E0-D789-4170-B19F-E31977233394}.Ad-Hoc|x64.Deploy.0 = Release|x64
		{E2EF42E0-D789-4170-B19F-E31977233394}.Ad-Hoc|x86.ActiveCfg = Release|x86
		{E2EF42E0-D789-4170-B19F-E31977233394}.Ad-Hoc|x86.Build.0 = Release|x86
		{E2EF42E0-D789-4170-B19F-E31977233394}.Ad-Hoc|x86.Deploy.0 = Release|x86
		{E2EF42E0-D789-4170-B19F-E31977233394}.AppStore|Any CPU.ActiveCfg = Release|x86
		{E2EF42E0-D789-4170-B19F-E31977233394}.AppStore|Any CPU.Build.0 = Release|x86
		{E2EF42E0-D789-4170-B19F-E31977233394}.AppStore|Any CPU.Deploy.0 = Release|x86
		{E2EF42E0-D789-4170-B19F-E31977233394}.AppStore|ARM.ActiveCfg = Release|ARM
		{E2EF42E0-D789-4170-B19F-E31977233394}.AppStore|ARM.Build.0 = Release|ARM
		{E2EF42E0-D789-4170-B19F-E31977233394}.AppStore|ARM.Deploy.0 = Release|ARM
		{E2EF42E0-D789-4170-B19F-E31977233394}.AppStore|iPhone.ActiveCfg = Release|x86
		{E2EF42E0-D789-4170-B19F-E31977233394}.AppStore|iPhone.Build.0 = Release|x86
		{E2EF42E0-D789-4170-B19F-E31977233394}.AppStore|iPhone.Deploy.0 = Release|x86
		{E2EF42E0-D789-4170-B19F-E31977233394}.AppStore|iPhoneSimulator.ActiveCfg = Release|x86
		{E2EF42E0-D789-4170-B19F-E31977233394}.AppStore|iPhoneSimulator.Build.0 = Release|x86
		{E2EF42E0-D789-4170-B19F-E31977233394}.AppStore|iPhoneSimulator.Deploy.0 = Release|x86
		{E2EF42E0-D789-4170-B19F-E31977233394}.AppStore|x64.ActiveCfg = Release|x64
		{E2EF42E0-D789-4170-B19F-E31977233394}.AppStore|x64.Build.0 = Release|x64
		{E2EF42E0-D789-4170-B19F-E31977233394}.AppStore|x64.Deploy.0 = Release|x64
		{E2EF42E0-D789-4170-B19F-E31977233394}.AppStore|x86.ActiveCfg = Release|x86
		{E2EF42E0-D789-4170-B19F-E31977233394}.AppStore|x86.Build.0 = Release|x86
		{E2EF42E0-D789-4170-B19F-E31977233394}.AppStore|x86.Deploy.0 = Release|x86
		{E2EF42E0-D789-4170-B19F-E31977233394}.Debug|Any CPU.ActiveCfg = Debug|x86
		{E2EF42E0-D789-4170-B19F-E31977233394}.Debug|Any CPU.Build.0 = Debug|x86
		{E2EF42E0-D789-4170-B19F-E31977233394}.Debug|Any CPU.Deploy.0 = Debug|x86
		{E2EF42E0-D789-4170-B19F-E31977233394}.Debug|ARM.ActiveCfg = Debug|ARM
		{E2EF42E0-D789-4170-B19F-E31977233394}.Debug|ARM.Build.0 = Debug|ARM
		{E2EF42E0-D789-4170-B19F-E31977233394}.Debug|ARM.Deploy.0 = Debug|ARM
		{E2EF42E0-D789-4170-B19F-E31977233394}.Debug|iPhone.ActiveCfg = Debug|x86
		{E2EF42E0-D789-4170-B19F-E31977233394}.Debug|iPhone.Build.0 = Debug|x86
		{E2EF42E0-D789-4170-B19F-E31977233394}.Debug|iPhone.Deploy.0 = Debug|x86
		{E2EF42E0-D789-4170-B19F-E31977233394}.Debug|iPhoneSimulator.ActiveCfg = Debug|x86
		{E2EF42E0-D789-4170-B19F-E31977233394}.Debug|iPhoneSimulator.Build.0 = Debug|x86
		{E2EF42E0-D789-4170-B19F-E31977233394}.Debug|iPhoneSimulator.Deploy.0 = Debug|x86
		{E2EF42E0-D789-4170-B19F-E31977233394}.Debug|x64.ActiveCfg = Debug|x64
		{E2EF42E0-D789-4170-B19F-E31977233394}.Debug|x64.Build.0 = Debug|x64
		{E2EF42E0-D789-4170-B19F-E31977233394}.Debug|x64.Deploy.0 = Debug|x64
		{E2EF42E0-D789-4170-B19F-E31977233394}.Debug|x86.ActiveCfg = Debug|x86
		{E2EF42E0-D789-4170-B19F-E31977233394}.Debug|x86.Build.0 = Debug|x86
		{E2EF42E0-D789-4170-B19F-E31977233394}.Debug|x86.Deploy.0 = Debug|x86
		{E2EF42E0-D789-4170-B19F-E31977233394}.Release|Any CPU.ActiveCfg = Release|x86
		{E2EF42E0-D789-4170-B19F-E31977233394}.Release|Any CPU.Build.0 = Release|x86
		{E2EF42E0-D789-4170-B19F-E31977233394}.Release|Any CPU.Deploy.0 = Release|x86
		{E2EF42E0-D789-4170-B19F-E31977233394}.Release|ARM.ActiveCfg = Release|ARM
		{E2EF42E0-D789-4170-B19F-E31977233394}.Release|ARM.Build.0 = Release|ARM
		{E2EF42E0-D789-4170-B19F-E31977233394}.Release|ARM.Deploy.0 = Release|ARM
		{E2EF42E0-D789-4170-B19F-E31977233394}.Release|iPhone.ActiveCfg = Release|x86
		{E2EF42E0-D789-4170-B19F-E31977233394}.Release|iPhone.Build.0 = Release|x86
		{E2EF42E0-D789-4170-B19F-E31977233394}.Release|iPhone.Deploy.0 = Release|x86
		{E2EF42E0-D789-4170-B19F-E31977233394}.Release|iPhoneSimulator.ActiveCfg = Release|x86
		{E2EF42E0-D789-4170-B19F-E31977233394}.Release|iPhoneSimulator.Build.0 = Release|x86
		{E2EF42E0-D789-4170-B19F-E31977233394}.Release|iPhoneSimulator.Deploy.0 = Release|x86
		{E2EF42E0-D789-4170-B19F-E31977233394}.Release|x64.ActiveCfg = Release|x64
		{E2EF42E0-D789-4170-B19F-E31977233394}.Release|x64.Build.0 = Release|x64
		{E2EF42E0-D789-4170-B19F-E31977233394}.Release|x64.Deploy.0 = Release|x64
		{E2EF42E0-D789-4170-B19F-E31977233394}.Release|x86.ActiveCfg = Release|x86
		{E2EF42E0-D789-4170-B19F-E31977233394}.Release|x86.Build.0 = Release|x86
		{E2EF42E0-D789-4170-B19F-E31977233394}.Release|x86.Deploy.0 = Release|x86
		{0E3F27EF-5F44-4C02-9821-A204102AF602}.Ad-Hoc|Any CPU.ActiveCfg = Debug|Any CPU
		{0E3F27EF-5F44-4C02-9821-A204102AF602}.Ad-Hoc|Any CPU.Build.0 = Debug|Any CPU
		{0E3F27EF-5F44-4C02-9821-A204102AF602}.Ad-Hoc|Any CPU.Deploy.0 = Debug|Any CPU
		{0E3F27EF-5F44-4C02-9821-A204102AF602}.Ad-Hoc|ARM.ActiveCfg = Debug|Any CPU
		{0E3F27EF-5F44-4C02-9821-A204102AF602}.Ad-Hoc|ARM.Build.0 = Debug|Any CPU
		{0E3F27EF-5F44-4C02-9821-A204102AF602}.Ad-Hoc|ARM.Deploy.0 = Debug|Any CPU
		{0E3F27EF-5F44-4C02-9821-A204102AF602}.Ad-Hoc|iPhone.ActiveCfg = Debug|Any CPU
		{0E3F27EF-5F44-4C02-9821-A204102AF602}.Ad-Hoc|iPhone.Build.0 = Debug|Any CPU
		{0E3F27EF-5F44-4C02-9821-A204102AF602}.Ad-Hoc|iPhone.Deploy.0 = Debug|Any CPU
		{0E3F27EF-5F44-4C02-9821-A204102AF602}.Ad-Hoc|iPhoneSimulator.ActiveCfg = Debug|Any CPU
		{0E3F27EF-5F44-4C02-9821-A204102AF602}.Ad-Hoc|iPhoneSimulator.Build.0 = Debug|Any CPU
		{0E3F27EF-5F44-4C02-9821-A204102AF602}.Ad-Hoc|iPhoneSimulator.Deploy.0 = Debug|Any CPU
		{0E3F27EF-5F44-4C02-9821-A204102AF602}.Ad-Hoc|x64.ActiveCfg = Debug|Any CPU
		{0E3F27EF-5F44-4C02-9821-A204102AF602}.Ad-Hoc|x64.Build.0 = Debug|Any CPU
		{0E3F27EF-5F44-4C02-9821-A204102AF602}.Ad-Hoc|x64.Deploy.0 = Debug|Any CPU
		{0E3F27EF-5F44-4C02-9821-A204102AF602}.Ad-Hoc|x86.ActiveCfg = Debug|Any CPU
		{0E3F27EF-5F44-4C02-9821-A204102AF602}.Ad-Hoc|x86.Build.0 = Debug|Any CPU
		{0E3F27EF-5F44-4C02-9821-A204102AF602}.Ad-Hoc|x86.Deploy.0 = Debug|Any CPU
		{0E3F27EF-5F44-4C02-9821-A204102AF602}.AppStore|Any CPU.ActiveCfg = Debug|Any CPU
		{0E3F27EF-5F44-4C02-9821-A204102AF602}.AppStore|Any CPU.Build.0 = Debug|Any CPU
		{0E3F27EF-5F44-4C02-9821-A204102AF602}.AppStore|Any CPU.Deploy.0 = Debug|Any CPU
		{0E3F27EF-5F44-4C02-9821-A204102AF602}.AppStore|ARM.ActiveCfg = Debug|Any CPU
		{0E3F27EF-5F44-4C02-9821-A204102AF602}.AppStore|ARM.Build.0 = Debug|Any CPU
		{0E3F27EF-5F44-4C02-9821-A204102AF602}.AppStore|ARM.Deploy.0 = Debug|Any CPU
		{0E3F27EF-5F44-4C02-9821-A204102AF602}.AppStore|iPhone.ActiveCfg = Debug|Any CPU
		{0E3F27EF-5F44-4C02-9821-A204102AF602}.AppStore|iPhone.Build.0 = Debug|Any CPU
		{0E3F27EF-5F44-4C02-9821-A204102AF602}.AppStore|iPhone.Deploy.0 = Debug|Any CPU
		{0E3F27EF-5F44-4C02-9821-A204102AF602}.AppStore|iPhoneSimulator.ActiveCfg = Debug|Any CPU
		{0E3F27EF-5F44-4C02-9821-A204102AF602}.AppStore|iPhoneSimulator.Build.0 = Debug|Any CPU
		{0E3F27EF-5F44-4C02-9821-A204102AF602}.AppStore|iPhoneSimulator.Deploy.0 = Debug|Any CPU
		{0E3F27EF-5F44-4C02-9821-A204102AF602}.AppStore|x64.ActiveCfg = Debug|Any CPU
		{0E3F27EF-5F44-4C02-9821-A204102AF602}.AppStore|x64.Build.0 = Debug|Any CPU
		{0E3F27EF-5F44-4C02-9821-A204102AF602}.AppStore|x64.Deploy.0 = Debug|Any CPU
		{0E3F27EF-5F44-4C02-9821-A204102AF602}.AppStore|x86.ActiveCfg = Debug|Any CPU
		{0E3F27EF-5F44-4C02-9821-A204102AF602}.AppStore|x86.Build.0 = Debug|Any CPU
		{0E3F27EF-5F44-4C02-9821-A204102AF602}.AppStore|x86.Deploy.0 = Debug|Any CPU
		{0E3F27EF-5F44-4C02-9821-A204102AF602}.Debug|Any CPU.ActiveCfg = Debug|Any CPU
		{0E3F27EF-5F44-4C02-9821-A204102AF602}.Debug|Any CPU.Build.0 = Debug|Any CPU
		{0E3F27EF-5F44-4C02-9821-A204102AF602}.Debug|Any CPU.Deploy.0 = Debug|Any CPU
		{0E3F27EF-5F44-4C02-9821-A204102AF602}.Debug|ARM.ActiveCfg = Debug|Any CPU
		{0E3F27EF-5F44-4C02-9821-A204102AF602}.Debug|ARM.Build.0 = Debug|Any CPU
		{0E3F27EF-5F44-4C02-9821-A204102AF602}.Debug|ARM.Deploy.0 = Debug|Any CPU
		{0E3F27EF-5F44-4C02-9821-A204102AF602}.Debug|iPhone.ActiveCfg = Debug|Any CPU
		{0E3F27EF-5F44-4C02-9821-A204102AF602}.Debug|iPhone.Build.0 = Debug|Any CPU
		{0E3F27EF-5F44-4C02-9821-A204102AF602}.Debug|iPhone.Deploy.0 = Debug|Any CPU
		{0E3F27EF-5F44-4C02-9821-A204102AF602}.Debug|iPhoneSimulator.ActiveCfg = Debug|Any CPU
		{0E3F27EF-5F44-4C02-9821-A204102AF602}.Debug|iPhoneSimulator.Build.0 = Debug|Any CPU
		{0E3F27EF-5F44-4C02-9821-A204102AF602}.Debug|iPhoneSimulator.Deploy.0 = Debug|Any CPU
		{0E3F27EF-5F44-4C02-9821-A204102AF602}.Debug|x64.ActiveCfg = Debug|Any CPU
		{0E3F27EF-5F44-4C02-9821-A204102AF602}.Debug|x64.Build.0 = Debug|Any CPU
		{0E3F27EF-5F44-4C02-9821-A204102AF602}.Debug|x64.Deploy.0 = Debug|Any CPU
		{0E3F27EF-5F44-4C02-9821-A204102AF602}.Debug|x86.ActiveCfg = Debug|Any CPU
		{0E3F27EF-5F44-4C02-9821-A204102AF602}.Debug|x86.Build.0 = Debug|Any CPU
		{0E3F27EF-5F44-4C02-9821-A204102AF602}.Debug|x86.Deploy.0 = Debug|Any CPU
		{0E3F27EF-5F44-4C02-9821-A204102AF602}.Release|Any CPU.ActiveCfg = Release|Any CPU
		{0E3F27EF-5F44-4C02-9821-A204102AF602}.Release|Any CPU.Build.0 = Release|Any CPU
		{0E3F27EF-5F44-4C02-9821-A204102AF602}.Release|Any CPU.Deploy.0 = Release|Any CPU
		{0E3F27EF-5F44-4C02-9821-A204102AF602}.Release|ARM.ActiveCfg = Release|Any CPU
		{0E3F27EF-5F44-4C02-9821-A204102AF602}.Release|ARM.Build.0 = Release|Any CPU
		{0E3F27EF-5F44-4C02-9821-A204102AF602}.Release|ARM.Deploy.0 = Release|Any CPU
		{0E3F27EF-5F44-4C02-9821-A204102AF602}.Release|iPhone.ActiveCfg = Release|Any CPU
		{0E3F27EF-5F44-4C02-9821-A204102AF602}.Release|iPhone.Build.0 = Release|Any CPU
		{0E3F27EF-5F44-4C02-9821-A204102AF602}.Release|iPhone.Deploy.0 = Release|Any CPU
		{0E3F27EF-5F44-4C02-9821-A204102AF602}.Release|iPhoneSimulator.ActiveCfg = Release|Any CPU
		{0E3F27EF-5F44-4C02-9821-A204102AF602}.Release|iPhoneSimulator.Build.0 = Release|Any CPU
		{0E3F27EF-5F44-4C02-9821-A204102AF602}.Release|iPhoneSimulator.Deploy.0 = Release|Any CPU
		{0E3F27EF-5F44-4C02-9821-A204102AF602}.Release|x64.ActiveCfg = Release|Any CPU
		{0E3F27EF-5F44-4C02-9821-A204102AF602}.Release|x64.Build.0 = Release|Any CPU
		{0E3F27EF-5F44-4C02-9821-A204102AF602}.Release|x64.Deploy.0 = Release|Any CPU
		{0E3F27EF-5F44-4C02-9821-A204102AF602}.Release|x86.ActiveCfg = Release|Any CPU
		{0E3F27EF-5F44-4C02-9821-A204102AF602}.Release|x86.Build.0 = Release|Any CPU
		{0E3F27EF-5F44-4C02-9821-A204102AF602}.Release|x86.Deploy.0 = Release|Any CPU
		{2CD9ECB8-F900-4EAE-B64D-216176753129}.Ad-Hoc|Any CPU.ActiveCfg = Release|Any CPU
		{2CD9ECB8-F900-4EAE-B64D-216176753129}.Ad-Hoc|Any CPU.Build.0 = Release|Any CPU
		{2CD9ECB8-F900-4EAE-B64D-216176753129}.Ad-Hoc|ARM.ActiveCfg = Release|Any CPU
		{2CD9ECB8-F900-4EAE-B64D-216176753129}.Ad-Hoc|ARM.Build.0 = Release|Any CPU
		{2CD9ECB8-F900-4EAE-B64D-216176753129}.Ad-Hoc|iPhone.ActiveCfg = Release|Any CPU
		{2CD9ECB8-F900-4EAE-B64D-216176753129}.Ad-Hoc|iPhone.Build.0 = Release|Any CPU
		{2CD9ECB8-F900-4EAE-B64D-216176753129}.Ad-Hoc|iPhoneSimulator.ActiveCfg = Release|Any CPU
		{2CD9ECB8-F900-4EAE-B64D-216176753129}.Ad-Hoc|iPhoneSimulator.Build.0 = Release|Any CPU
		{2CD9ECB8-F900-4EAE-B64D-216176753129}.Ad-Hoc|x64.ActiveCfg = Release|Any CPU
		{2CD9ECB8-F900-4EAE-B64D-216176753129}.Ad-Hoc|x64.Build.0 = Release|Any CPU
		{2CD9ECB8-F900-4EAE-B64D-216176753129}.Ad-Hoc|x86.ActiveCfg = Release|Any CPU
		{2CD9ECB8-F900-4EAE-B64D-216176753129}.Ad-Hoc|x86.Build.0 = Release|Any CPU
		{2CD9ECB8-F900-4EAE-B64D-216176753129}.AppStore|Any CPU.ActiveCfg = Release|Any CPU
		{2CD9ECB8-F900-4EAE-B64D-216176753129}.AppStore|Any CPU.Build.0 = Release|Any CPU
		{2CD9ECB8-F900-4EAE-B64D-216176753129}.AppStore|ARM.ActiveCfg = Release|Any CPU
		{2CD9ECB8-F900-4EAE-B64D-216176753129}.AppStore|ARM.Build.0 = Release|Any CPU
		{2CD9ECB8-F900-4EAE-B64D-216176753129}.AppStore|iPhone.ActiveCfg = Release|Any CPU
		{2CD9ECB8-F900-4EAE-B64D-216176753129}.AppStore|iPhone.Build.0 = Release|Any CPU
		{2CD9ECB8-F900-4EAE-B64D-216176753129}.AppStore|iPhoneSimulator.ActiveCfg = Release|Any CPU
		{2CD9ECB8-F900-4EAE-B64D-216176753129}.AppStore|iPhoneSimulator.Build.0 = Release|Any CPU
		{2CD9ECB8-F900-4EAE-B64D-216176753129}.AppStore|x64.ActiveCfg = Release|Any CPU
		{2CD9ECB8-F900-4EAE-B64D-216176753129}.AppStore|x64.Build.0 = Release|Any CPU
		{2CD9ECB8-F900-4EAE-B64D-216176753129}.AppStore|x86.ActiveCfg = Release|Any CPU
		{2CD9ECB8-F900-4EAE-B64D-216176753129}.AppStore|x86.Build.0 = Release|Any CPU
		{2CD9ECB8-F900-4EAE-B64D-216176753129}.Debug|Any CPU.ActiveCfg = Debug|Any CPU
		{2CD9ECB8-F900-4EAE-B64D-216176753129}.Debug|Any CPU.Build.0 = Debug|Any CPU
		{2CD9ECB8-F900-4EAE-B64D-216176753129}.Debug|ARM.ActiveCfg = Debug|Any CPU
		{2CD9ECB8-F900-4EAE-B64D-216176753129}.Debug|ARM.Build.0 = Debug|Any CPU
		{2CD9ECB8-F900-4EAE-B64D-216176753129}.Debug|iPhone.ActiveCfg = Debug|Any CPU
		{2CD9ECB8-F900-4EAE-B64D-216176753129}.Debug|iPhone.Build.0 = Debug|Any CPU
		{2CD9ECB8-F900-4EAE-B64D-216176753129}.Debug|iPhoneSimulator.ActiveCfg = Debug|Any CPU
		{2CD9ECB8-F900-4EAE-B64D-216176753129}.Debug|iPhoneSimulator.Build.0 = Debug|Any CPU
		{2CD9ECB8-F900-4EAE-B64D-216176753129}.Debug|x64.ActiveCfg = Debug|Any CPU
		{2CD9ECB8-F900-4EAE-B64D-216176753129}.Debug|x64.Build.0 = Debug|Any CPU
		{2CD9ECB8-F900-4EAE-B64D-216176753129}.Debug|x86.ActiveCfg = Debug|Any CPU
		{2CD9ECB8-F900-4EAE-B64D-216176753129}.Debug|x86.Build.0 = Debug|Any CPU
		{2CD9ECB8-F900-4EAE-B64D-216176753129}.Release|Any CPU.ActiveCfg = Release|Any CPU
		{2CD9ECB8-F900-4EAE-B64D-216176753129}.Release|Any CPU.Build.0 = Release|Any CPU
		{2CD9ECB8-F900-4EAE-B64D-216176753129}.Release|ARM.ActiveCfg = Release|Any CPU
		{2CD9ECB8-F900-4EAE-B64D-216176753129}.Release|ARM.Build.0 = Release|Any CPU
		{2CD9ECB8-F900-4EAE-B64D-216176753129}.Release|iPhone.ActiveCfg = Release|Any CPU
		{2CD9ECB8-F900-4EAE-B64D-216176753129}.Release|iPhone.Build.0 = Release|Any CPU
		{2CD9ECB8-F900-4EAE-B64D-216176753129}.Release|iPhoneSimulator.ActiveCfg = Release|Any CPU
		{2CD9ECB8-F900-4EAE-B64D-216176753129}.Release|iPhoneSimulator.Build.0 = Release|Any CPU
		{2CD9ECB8-F900-4EAE-B64D-216176753129}.Release|x64.ActiveCfg = Release|Any CPU
		{2CD9ECB8-F900-4EAE-B64D-216176753129}.Release|x64.Build.0 = Release|Any CPU
		{2CD9ECB8-F900-4EAE-B64D-216176753129}.Release|x86.ActiveCfg = Release|Any CPU
		{2CD9ECB8-F900-4EAE-B64D-216176753129}.Release|x86.Build.0 = Release|Any CPU
	EndGlobalSection
	GlobalSection(SolutionProperties) = preSolution
		HideSolutionNode = FALSE
	EndGlobalSection
	GlobalSection(ExtensibilityGlobals) = postSolution
		SolutionGuid = {E6B658CB-D1EA-473C-9C32-D9938B461545}
	EndGlobalSection
	GlobalSection(TeamFoundationVersionControl) = preSolution
		SccNumberOfProjects = 6
		SccEnterpriseProvider = {4CA58AB2-18FA-4F8D-95D4-32DDF27D184C}
		SccTeamFoundationServer = https://rezaashena.visualstudio.com/
		SccLocalPath0 = .
		SccProjectUniqueName1 = Tms_Travel\\Tms_Travel.Android\\Tms_Travel.Android.csproj
		SccProjectName1 = Tms_Travel/Tms_Travel.Android
		SccLocalPath1 = Tms_Travel\\Tms_Travel.Android
		SccProjectUniqueName2 = Tms_Travel\\Tms_Travel.iOS\\Tms_Travel.iOS.csproj
		SccProjectName2 = Tms_Travel/Tms_Travel.iOS
		SccLocalPath2 = Tms_Travel\\Tms_Travel.iOS
		SccProjectUniqueName3 = Tms_Travel\\Tms_Travel.UWP\\Tms_Travel.UWP.csproj
		SccProjectName3 = Tms_Travel/Tms_Travel.UWP
		SccLocalPath3 = Tms_Travel\\Tms_Travel.UWP
		SccProjectUniqueName4 = Tms_Travel\\Tms_Travel\\Tms_Travel.csproj
		SccProjectName4 = Tms_Travel/Tms_Travel
		SccLocalPath4 = Tms_Travel\\Tms_Travel
		SccProjectUniqueName5 = Tms_WebApp\\Tms_WebApp.csproj
		SccProjectName5 = Tms_WebApp
		SccLocalPath5 = Tms_WebApp
	EndGlobalSection
EndGlobal
